
Microsoft Visual Studio Solution File, Format Version 12.00
Project("{FAE04EC0-301F-11D3-BF4B-00C04F79EFBC}") = "tutorial8", "tutorial8\tutorial8.csproj", "{BDF21B01-8E31-4D9E-8EA7-434156D1DA59}"
EndProject
Global
	GlobalSection(SolutionConfigurationPlatforms) = preSolution
		Debug|Any CPU = Debug|Any CPU
		Release|Any CPU = Release|Any CPU
	EndGlobalSection
	GlobalSection(ProjectConfigurationPlatforms) = postSolution
		{BDF21B01-8E31-4D9E-8EA7-434156D1DA59}.Debug|Any CPU.ActiveCfg = Debug|Any CPU
		{BDF21B01-8E31-4D9E-8EA7-434156D1DA59}.Debug|Any CPU.Build.0 = Debug|Any CPU
		{BDF21B01-8E31-4D9E-8EA7-434156D1DA59}.Release|Any CPU.ActiveCfg = Release|Any CPU
		{BDF21B01-8E31-4D9E-8EA7-434156D1DA59}.Release|Any CPU.Build.0 = Release|Any CPU
	EndGlobalSection
EndGlobal
